
Microsoft Visual Studio Solution File, Format Version 12.00
# Visual Studio Version 17
VisualStudioVersion = 17.13.35825.156
MinimumVisualStudioVersion = 10.0.40219.1
Project("{FAE04EC0-301F-11D3-BF4B-00C04F79EFBC}") = "EShopService", "MusicForEveryone\EShopService.csproj", "{AD4C7F64-5B0E-45DB-9BFC-881DBD2F7DDA}"
EndProject
Project("{FAE04EC0-301F-11D3-BF4B-00C04F79EFBC}") = "EShop.Application", "EShop.Application\EShop.Application.csproj", "{94D9D03C-B66A-4A79-8C77-523689453FDD}"
EndProject
Project("{2150E333-8FDC-42A3-9474-1A3956D46DE8}") = "EShop", "EShop", "{02EA681E-C7D8-13C7-8484-4AC65E1B71E8}"
EndProject
Project("{FAE04EC0-301F-11D3-BF4B-00C04F79EFBC}") = "EShop.Domain", "EShop.Domain\EShop.Domain.csproj", "{507F8948-FA1B-4348-A94F-0312F78E4B83}"
EndProject
Project("{2150E333-8FDC-42A3-9474-1A3956D46DE8}") = "User", "User", "{CC35DC38-0324-4C3B-B2F6-482361A7ACB2}"
EndProject
Project("{FAE04EC0-301F-11D3-BF4B-00C04F79EFBC}") = "User.Application", "User.Application\User.Application.csproj", "{D02E3DF4-E776-493C-BB80-EBCCAFF74FD4}"
EndProject
Project("{FAE04EC0-301F-11D3-BF4B-00C04F79EFBC}") = "UserService", "UserService\UserService.csproj", "{7DF0B2C2-46CC-44CC-BBA8-1BFAE97DA656}"
EndProject
Project("{FAE04EC0-301F-11D3-BF4B-00C04F79EFBC}") = "User.Domain", "User.Domain\User.Domain.csproj", "{5ED3FAD6-7F55-4055-9E6D-68662FFFFA39}"
EndProject
Global
	GlobalSection(SolutionConfigurationPlatforms) = preSolution
		Debug|Any CPU = Debug|Any CPU
		Release|Any CPU = Release|Any CPU
	EndGlobalSection
	GlobalSection(ProjectConfigurationPlatforms) = postSolution
		{AD4C7F64-5B0E-45DB-9BFC-881DBD2F7DDA}.Debug|Any CPU.ActiveCfg = Debug|Any CPU
		{AD4C7F64-5B0E-45DB-9BFC-881DBD2F7DDA}.Debug|Any CPU.Build.0 = Debug|Any CPU
		{AD4C7F64-5B0E-45DB-9BFC-881DBD2F7DDA}.Release|Any CPU.ActiveCfg = Release|Any CPU
		{AD4C7F64-5B0E-45DB-9BFC-881DBD2F7DDA}.Release|Any CPU.Build.0 = Release|Any CPU
		{94D9D03C-B66A-4A79-8C77-523689453FDD}.Debug|Any CPU.ActiveCfg = Debug|Any CPU
		{94D9D03C-B66A-4A79-8C77-523689453FDD}.Debug|Any CPU.Build.0 = Debug|Any CPU
		{94D9D03C-B66A-4A79-8C77-523689453FDD}.Release|Any CPU.ActiveCfg = Release|Any CPU
		{94D9D03C-B66A-4A79-8C77-523689453FDD}.Release|Any CPU.Build.0 = Release|Any CPU
		{507F8948-FA1B-4348-A94F-0312F78E4B83}.Debug|Any CPU.ActiveCfg = Debug|Any CPU
		{507F8948-FA1B-4348-A94F-0312F78E4B83}.Debug|Any CPU.Build.0 = Debug|Any CPU
		{507F8948-FA1B-4348-A94F-0312F78E4B83}.Release|Any CPU.ActiveCfg = Release|Any CPU
		{507F8948-FA1B-4348-A94F-0312F78E4B83}.Release|Any CPU.Build.0 = Release|Any CPU
		{D02E3DF4-E776-493C-BB80-EBCCAFF74FD4}.Debug|Any CPU.ActiveCfg = Debug|Any CPU
		{D02E3DF4-E776-493C-BB80-EBCCAFF74FD4}.Debug|Any CPU.Build.0 = Debug|Any CPU
		{D02E3DF4-E776-493C-BB80-EBCCAFF74FD4}.Release|Any CPU.ActiveCfg = Release|Any CPU
		{D02E3DF4-E776-493C-BB80-EBCCAFF74FD4}.Release|Any CPU.Build.0 = Release|Any CPU
		{7DF0B2C2-46CC-44CC-BBA8-1BFAE97DA656}.Debug|Any CPU.ActiveCfg = Debug|Any CPU
		{7DF0B2C2-46CC-44CC-BBA8-1BFAE97DA656}.Debug|Any CPU.Build.0 = Debug|Any CPU
		{7DF0B2C2-46CC-44CC-BBA8-1BFAE97DA656}.Release|Any CPU.ActiveCfg = Release|Any CPU
		{7DF0B2C2-46CC-44CC-BBA8-1BFAE97DA656}.Release|Any CPU.Build.0 = Release|Any CPU
		{5ED3FAD6-7F55-4055-9E6D-68662FFFFA39}.Debug|Any CPU.ActiveCfg = Debug|Any CPU
		{5ED3FAD6-7F55-4055-9E6D-68662FFFFA39}.Debug|Any CPU.Build.0 = Debug|Any CPU
		{5ED3FAD6-7F55-4055-9E6D-68662FFFFA39}.Release|Any CPU.ActiveCfg = Release|Any CPU
		{5ED3FAD6-7F55-4055-9E6D-68662FFFFA39}.Release|Any CPU.Build.0 = Release|Any CPU
	EndGlobalSection
	GlobalSection(SolutionProperties) = preSolution
		HideSolutionNode = FALSE
	EndGlobalSection
	GlobalSection(NestedProjects) = preSolution
		{AD4C7F64-5B0E-45DB-9BFC-881DBD2F7DDA} = {02EA681E-C7D8-13C7-8484-4AC65E1B71E8}
		{94D9D03C-B66A-4A79-8C77-523689453FDD} = {02EA681E-C7D8-13C7-8484-4AC65E1B71E8}
		{507F8948-FA1B-4348-A94F-0312F78E4B83} = {02EA681E-C7D8-13C7-8484-4AC65E1B71E8}
		{D02E3DF4-E776-493C-BB80-EBCCAFF74FD4} = {CC35DC38-0324-4C3B-B2F6-482361A7ACB2}
		{7DF0B2C2-46CC-44CC-BBA8-1BFAE97DA656} = {CC35DC38-0324-4C3B-B2F6-482361A7ACB2}
		{5ED3FAD6-7F55-4055-9E6D-68662FFFFA39} = {CC35DC38-0324-4C3B-B2F6-482361A7ACB2}
	EndGlobalSection
	GlobalSection(ExtensibilityGlobals) = postSolution
		SolutionGuid = {84016513-D0C6-432D-8CDA-0DC705202186}
	EndGlobalSection
EndGlobal
